
Microsoft Visual Studio Solution File, Format Version 12.00
# Visual Studio Version 17
VisualStudioVersion = 17.11.35303.130
MinimumVisualStudioVersion = 10.0.40219.1
Project("{FAE04EC0-301F-11D3-BF4B-00C04F79EFBC}") = "StringExtensions", "StringExtensions.csproj", "{1ECB6135-BA06-461F-B039-50CB9EDBF73E}"
EndProject
Global
	GlobalSection(SolutionConfigurationPlatforms) = preSolution
		Debug|Any CPU = Debug|Any CPU
		Release|Any CPU = Release|Any CPU
	EndGlobalSection
	GlobalSection(ProjectConfigurationPlatforms) = postSolution
		{1ECB6135-BA06-461F-B039-50CB9EDBF73E}.Debug|Any CPU.ActiveCfg = Debug|Any CPU
		{1ECB6135-BA06-461F-B039-50CB9EDBF73E}.Debug|Any CPU.Build.0 = Debug|Any CPU
		{1ECB6135-BA06-461F-B039-50CB9EDBF73E}.Release|Any CPU.ActiveCfg = Release|Any CPU
		{1ECB6135-BA06-461F-B039-50CB9EDBF73E}.Release|Any CPU.Build.0 = Release|Any CPU
	EndGlobalSection
	GlobalSection(SolutionProperties) = preSolution
		HideSolutionNode = FALSE
	EndGlobalSection
	GlobalSection(ExtensibilityGlobals) = postSolution
		SolutionGuid = {E55F8DF5-73EA-45C0-AB5D-672ADD7704E2}
	EndGlobalSection
EndGlobal
